// !$*UTF8*$!
{
	archiveVersion = 1;
	classes = {
	};
	objectVersion = 51;
	objects = {

/* Begin PBXBuildFile section */
		730A4250227EB5C000F7DC75 /* AppDelegate.swift in Sources */ = {isa = PBXBuildFile; fileRef = 730A424F227EB5C000F7DC75 /* AppDelegate.swift */; };
		730A4252227EB5C000F7DC75 /* ViewController.swift in Sources */ = {isa = PBXBuildFile; fileRef = 730A4251227EB5C000F7DC75 /* ViewController.swift */; };
		730A4255227EB5C000F7DC75 /* Main.storyboard in Resources */ = {isa = PBXBuildFile; fileRef = 730A4253227EB5C000F7DC75 /* Main.storyboard */; };
		730A4257227EB5C100F7DC75 /* Assets.xcassets in Resources */ = {isa = PBXBuildFile; fileRef = 730A4256227EB5C100F7DC75 /* Assets.xcassets */; };
		730A425A227EB5C100F7DC75 /* LaunchScreen.storyboard in Resources */ = {isa = PBXBuildFile; fileRef = 730A4258227EB5C100F7DC75 /* LaunchScreen.storyboard */; };
		730A4262227EB5F300F7DC75 /* MainTabBarController.swift in Sources */ = {isa = PBXBuildFile; fileRef = 730A4261227EB5F300F7DC75 /* MainTabBarController.swift */; };
		730A4265227FE3C200F7DC75 /* SearchTableViewController.swift in Sources */ = {isa = PBXBuildFile; fileRef = 730A4264227FE3C200F7DC75 /* SearchTableViewController.swift */; };
		730A4268227FE51400F7DC75 /* Podcast.swift in Sources */ = {isa = PBXBuildFile; fileRef = 730A4267227FE51400F7DC75 /* Podcast.swift */; };
		730A426B2281452600F7DC75 /* APIService.swift in Sources */ = {isa = PBXBuildFile; fileRef = 730A426A2281452600F7DC75 /* APIService.swift */; };
		730A426E2281521900F7DC75 /* PodcastCell.xib in Resources */ = {isa = PBXBuildFile; fileRef = 730A426D2281521900F7DC75 /* PodcastCell.xib */; };
		730A427022815A6300F7DC75 /* PodcastCell.swift in Sources */ = {isa = PBXBuildFile; fileRef = 730A426F22815A6300F7DC75 /* PodcastCell.swift */; };
		730A42722283FC4900F7DC75 /* EpisodesTableViewController.swift in Sources */ = {isa = PBXBuildFile; fileRef = 730A42712283FC4900F7DC75 /* EpisodesTableViewController.swift */; };
		730A4274228552AE00F7DC75 /* Episode.swift in Sources */ = {isa = PBXBuildFile; fileRef = 730A4273228552AE00F7DC75 /* Episode.swift */; };
		730A4277228553CF00F7DC75 /* EpisodeCell.swift in Sources */ = {isa = PBXBuildFile; fileRef = 730A4275228553CF00F7DC75 /* EpisodeCell.swift */; };
		730A4278228553CF00F7DC75 /* EpisodeCell.xib in Resources */ = {isa = PBXBuildFile; fileRef = 730A4276228553CF00F7DC75 /* EpisodeCell.xib */; };
		730A427B2286A3EA00F7DC75 /* String.swift in Sources */ = {isa = PBXBuildFile; fileRef = 730A427A2286A3EA00F7DC75 /* String.swift */; };
		730A427D2286A7EB00F7DC75 /* RSSFeed.swift in Sources */ = {isa = PBXBuildFile; fileRef = 730A427C2286A7EB00F7DC75 /* RSSFeed.swift */; };
		730A427F2286B25A00F7DC75 /* PlayerDetailsView.xib in Resources */ = {isa = PBXBuildFile; fileRef = 730A427E2286B25A00F7DC75 /* PlayerDetailsView.xib */; };
		730A42812286B65700F7DC75 /* PayerDetailsView.swift in Sources */ = {isa = PBXBuildFile; fileRef = 730A42802286B65700F7DC75 /* PayerDetailsView.swift */; };
		730A428322892EAB00F7DC75 /* CMTime.swift in Sources */ = {isa = PBXBuildFile; fileRef = 730A428222892EAB00F7DC75 /* CMTime.swift */; };
		73FCFF55228FD062005C8BE1 /* UIApplication.swift in Sources */ = {isa = PBXBuildFile; fileRef = 73FCFF54228FD062005C8BE1 /* UIApplication.swift */; };
		87A038A12AD049E639DD7242 /* Pods_PodcastProject.framework in Frameworks */ = {isa = PBXBuildFile; fileRef = BD6E600577FFA2D0B00E4D29 /* Pods_PodcastProject.framework */; };
/* End PBXBuildFile section */

/* Begin PBXFileReference section */
		730A424C227EB5C000F7DC75 /* PodcastProject.app */ = {isa = PBXFileReference; explicitFileType = wrapper.application; includeInIndex = 0; path = PodcastProject.app; sourceTree = BUILT_PRODUCTS_DIR; };
		730A424F227EB5C000F7DC75 /* AppDelegate.swift */ = {isa = PBXFileReference; lastKnownFileType = sourcecode.swift; path = AppDelegate.swift; sourceTree = "<group>"; };
		730A4251227EB5C000F7DC75 /* ViewController.swift */ = {isa = PBXFileReference; lastKnownFileType = sourcecode.swift; path = ViewController.swift; sourceTree = "<group>"; };
		730A4254227EB5C000F7DC75 /* Base */ = {isa = PBXFileReference; lastKnownFileType = file.storyboard; name = Base; path = Base.lproj/Main.storyboard; sourceTree = "<group>"; };
		730A4256227EB5C100F7DC75 /* Assets.xcassets */ = {isa = PBXFileReference; lastKnownFileType = folder.assetcatalog; path = Assets.xcassets; sourceTree = "<group>"; };
		730A4259227EB5C100F7DC75 /* Base */ = {isa = PBXFileReference; lastKnownFileType = file.storyboard; name = Base; path = Base.lproj/LaunchScreen.storyboard; sourceTree = "<group>"; };
		730A425B227EB5C100F7DC75 /* Info.plist */ = {isa = PBXFileReference; lastKnownFileType = text.plist.xml; path = Info.plist; sourceTree = "<group>"; };
		730A4261227EB5F300F7DC75 /* MainTabBarController.swift */ = {isa = PBXFileReference; lastKnownFileType = sourcecode.swift; path = MainTabBarController.swift; sourceTree = "<group>"; };
		730A4264227FE3C200F7DC75 /* SearchTableViewController.swift */ = {isa = PBXFileReference; lastKnownFileType = sourcecode.swift; path = SearchTableViewController.swift; sourceTree = "<group>"; };
		730A4267227FE51400F7DC75 /* Podcast.swift */ = {isa = PBXFileReference; lastKnownFileType = sourcecode.swift; path = Podcast.swift; sourceTree = "<group>"; };
		730A426A2281452600F7DC75 /* APIService.swift */ = {isa = PBXFileReference; lastKnownFileType = sourcecode.swift; path = APIService.swift; sourceTree = "<group>"; };
		730A426D2281521900F7DC75 /* PodcastCell.xib */ = {isa = PBXFileReference; lastKnownFileType = file.xib; path = PodcastCell.xib; sourceTree = "<group>"; };
		730A426F22815A6300F7DC75 /* PodcastCell.swift */ = {isa = PBXFileReference; lastKnownFileType = sourcecode.swift; path = PodcastCell.swift; sourceTree = "<group>"; };
		730A42712283FC4900F7DC75 /* EpisodesTableViewController.swift */ = {isa = PBXFileReference; lastKnownFileType = sourcecode.swift; path = EpisodesTableViewController.swift; sourceTree = "<group>"; };
		730A4273228552AE00F7DC75 /* Episode.swift */ = {isa = PBXFileReference; lastKnownFileType = sourcecode.swift; path = Episode.swift; sourceTree = "<group>"; };
		730A4275228553CF00F7DC75 /* EpisodeCell.swift */ = {isa = PBXFileReference; lastKnownFileType = sourcecode.swift; path = EpisodeCell.swift; sourceTree = "<group>"; };
		730A4276228553CF00F7DC75 /* EpisodeCell.xib */ = {isa = PBXFileReference; lastKnownFileType = file.xib; path = EpisodeCell.xib; sourceTree = "<group>"; };
		730A427A2286A3EA00F7DC75 /* String.swift */ = {isa = PBXFileReference; lastKnownFileType = sourcecode.swift; path = String.swift; sourceTree = "<group>"; };
		730A427C2286A7EB00F7DC75 /* RSSFeed.swift */ = {isa = PBXFileReference; lastKnownFileType = sourcecode.swift; path = RSSFeed.swift; sourceTree = "<group>"; };
		730A427E2286B25A00F7DC75 /* PlayerDetailsView.xib */ = {isa = PBXFileReference; lastKnownFileType = file.xib; path = PlayerDetailsView.xib; sourceTree = "<group>"; };
		730A42802286B65700F7DC75 /* PayerDetailsView.swift */ = {isa = PBXFileReference; lastKnownFileType = sourcecode.swift; path = PayerDetailsView.swift; sourceTree = "<group>"; };
		730A428222892EAB00F7DC75 /* CMTime.swift */ = {isa = PBXFileReference; lastKnownFileType = sourcecode.swift; path = CMTime.swift; sourceTree = "<group>"; };
		73FCFF54228FD062005C8BE1 /* UIApplication.swift */ = {isa = PBXFileReference; lastKnownFileType = sourcecode.swift; path = UIApplication.swift; sourceTree = "<group>"; };
		9BA221DC8BB50C2E3F8EF0B6 /* Pods-PodcastProject.release.xcconfig */ = {isa = PBXFileReference; includeInIndex = 1; lastKnownFileType = text.xcconfig; name = "Pods-PodcastProject.release.xcconfig"; path = "Target Support Files/Pods-PodcastProject/Pods-PodcastProject.release.xcconfig"; sourceTree = "<group>"; };
		BD6E600577FFA2D0B00E4D29 /* Pods_PodcastProject.framework */ = {isa = PBXFileReference; explicitFileType = wrapper.framework; includeInIndex = 0; path = Pods_PodcastProject.framework; sourceTree = BUILT_PRODUCTS_DIR; };
		C1BE675F0CF52C1C4F4AA0F2 /* Pods-PodcastProject.debug.xcconfig */ = {isa = PBXFileReference; includeInIndex = 1; lastKnownFileType = text.xcconfig; name = "Pods-PodcastProject.debug.xcconfig"; path = "Target Support Files/Pods-PodcastProject/Pods-PodcastProject.debug.xcconfig"; sourceTree = "<group>"; };
/* End PBXFileReference section */

/* Begin PBXFrameworksBuildPhase section */
		730A4249227EB5C000F7DC75 /* Frameworks */ = {
			isa = PBXFrameworksBuildPhase;
			buildActionMask = 2147483647;
			files = (
				87A038A12AD049E639DD7242 /* Pods_PodcastProject.framework in Frameworks */,
			);
			runOnlyForDeploymentPostprocessing = 0;
		};
/* End PBXFrameworksBuildPhase section */

/* Begin PBXGroup section */
		5A5508BA8EAE422AEA0816CC /* Pods */ = {
			isa = PBXGroup;
			children = (
				C1BE675F0CF52C1C4F4AA0F2 /* Pods-PodcastProject.debug.xcconfig */,
				9BA221DC8BB50C2E3F8EF0B6 /* Pods-PodcastProject.release.xcconfig */,
			);
			path = Pods;
			sourceTree = "<group>";
		};
		730A4243227EB5C000F7DC75 = {
			isa = PBXGroup;
			children = (
				730A424E227EB5C000F7DC75 /* PodcastProject */,
				730A424D227EB5C000F7DC75 /* Products */,
				5A5508BA8EAE422AEA0816CC /* Pods */,
				EF0831DB9DCADBD34E7971CB /* Frameworks */,
			);
			sourceTree = "<group>";
		};
		730A424D227EB5C000F7DC75 /* Products */ = {
			isa = PBXGroup;
			children = (
				730A424C227EB5C000F7DC75 /* PodcastProject.app */,
			);
			name = Products;
			sourceTree = "<group>";
		};
		730A424E227EB5C000F7DC75 /* PodcastProject */ = {
			isa = PBXGroup;
			children = (
				730A42792286A3D300F7DC75 /* Extensions */,
				730A426C228151E600F7DC75 /* Views */,
				730A4269228144F300F7DC75 /* APIService */,
				730A4266227FE50400F7DC75 /* Model */,
				730A4263227FE37E00F7DC75 /* Controllers */,
				730A424F227EB5C000F7DC75 /* AppDelegate.swift */,
				730A4253227EB5C000F7DC75 /* Main.storyboard */,
				730A4256227EB5C100F7DC75 /* Assets.xcassets */,
				730A4258227EB5C100F7DC75 /* LaunchScreen.storyboard */,
				730A425B227EB5C100F7DC75 /* Info.plist */,
			);
			path = PodcastProject;
			sourceTree = "<group>";
		};
		730A4263227FE37E00F7DC75 /* Controllers */ = {
			isa = PBXGroup;
			children = (
				730A4251227EB5C000F7DC75 /* ViewController.swift */,
				730A4261227EB5F300F7DC75 /* MainTabBarController.swift */,
				730A4264227FE3C200F7DC75 /* SearchTableViewController.swift */,
				730A42712283FC4900F7DC75 /* EpisodesTableViewController.swift */,
			);
			path = Controllers;
			sourceTree = "<group>";
		};
		730A4266227FE50400F7DC75 /* Model */ = {
			isa = PBXGroup;
			children = (
				730A4267227FE51400F7DC75 /* Podcast.swift */,
				730A4273228552AE00F7DC75 /* Episode.swift */,
			);
			path = Model;
			sourceTree = "<group>";
		};
		730A4269228144F300F7DC75 /* APIService */ = {
			isa = PBXGroup;
			children = (
				730A426A2281452600F7DC75 /* APIService.swift */,
			);
			path = APIService;
			sourceTree = "<group>";
		};
		730A426C228151E600F7DC75 /* Views */ = {
			isa = PBXGroup;
			children = (
				730A426D2281521900F7DC75 /* PodcastCell.xib */,
				730A426F22815A6300F7DC75 /* PodcastCell.swift */,
				730A4275228553CF00F7DC75 /* EpisodeCell.swift */,
				730A4276228553CF00F7DC75 /* EpisodeCell.xib */,
				730A427E2286B25A00F7DC75 /* PlayerDetailsView.xib */,
				730A42802286B65700F7DC75 /* PayerDetailsView.swift */,
			);
			path = Views;
			sourceTree = "<group>";
		};
		730A42792286A3D300F7DC75 /* Extensions */ = {
			isa = PBXGroup;
			children = (
				730A427A2286A3EA00F7DC75 /* String.swift */,
				730A427C2286A7EB00F7DC75 /* RSSFeed.swift */,
				730A428222892EAB00F7DC75 /* CMTime.swift */,
				73FCFF54228FD062005C8BE1 /* UIApplication.swift */,
			);
			path = Extensions;
			sourceTree = "<group>";
		};
		EF0831DB9DCADBD34E7971CB /* Frameworks */ = {
			isa = PBXGroup;
			children = (
				BD6E600577FFA2D0B00E4D29 /* Pods_PodcastProject.framework */,
			);
			name = Frameworks;
			sourceTree = "<group>";
		};
/* End PBXGroup section */

/* Begin PBXNativeTarget section */
		730A424B227EB5C000F7DC75 /* PodcastProject */ = {
			isa = PBXNativeTarget;
			buildConfigurationList = 730A425E227EB5C100F7DC75 /* Build configuration list for PBXNativeTarget "PodcastProject" */;
			buildPhases = (
				1D8ADFCC901456D5954F4355 /* [CP] Check Pods Manifest.lock */,
				730A4248227EB5C000F7DC75 /* Sources */,
				730A4249227EB5C000F7DC75 /* Frameworks */,
				730A424A227EB5C000F7DC75 /* Resources */,
				943083CF02F399C92A677796 /* [CP] Embed Pods Frameworks */,
			);
			buildRules = (
			);
			dependencies = (
			);
			name = PodcastProject;
			productName = PodcastProject;
			productReference = 730A424C227EB5C000F7DC75 /* PodcastProject.app */;
			productType = "com.apple.product-type.application";
		};
/* End PBXNativeTarget section */

/* Begin PBXProject section */
		730A4244227EB5C000F7DC75 /* Project object */ = {
			isa = PBXProject;
			attributes = {
				LastSwiftUpdateCheck = 1020;
				LastUpgradeCheck = 1020;
				ORGANIZATIONNAME = "Hameed Abdullah";
				TargetAttributes = {
					730A424B227EB5C000F7DC75 = {
						CreatedOnToolsVersion = 10.2.1;
						SystemCapabilities = {
							com.apple.BackgroundModes = {
								enabled = 1;
							};
						};
					};
				};
			};
			buildConfigurationList = 730A4247227EB5C000F7DC75 /* Build configuration list for PBXProject "PodcastProject" */;
			compatibilityVersion = "Xcode 9.3";
			developmentRegion = en;
			hasScannedForEncodings = 0;
			knownRegions = (
				en,
				Base,
			);
			mainGroup = 730A4243227EB5C000F7DC75;
			productRefGroup = 730A424D227EB5C000F7DC75 /* Products */;
			projectDirPath = "";
			projectRoot = "";
			targets = (
				730A424B227EB5C000F7DC75 /* PodcastProject */,
			);
		};
/* End PBXProject section */

/* Begin PBXResourcesBuildPhase section */
		730A424A227EB5C000F7DC75 /* Resources */ = {
			isa = PBXResourcesBuildPhase;
			buildActionMask = 2147483647;
			files = (
				730A427F2286B25A00F7DC75 /* PlayerDetailsView.xib in Resources */,
				730A425A227EB5C100F7DC75 /* LaunchScreen.storyboard in Resources */,
				730A4257227EB5C100F7DC75 /* Assets.xcassets in Resources */,
				730A4278228553CF00F7DC75 /* EpisodeCell.xib in Resources */,
				730A426E2281521900F7DC75 /* PodcastCell.xib in Resources */,
				730A4255227EB5C000F7DC75 /* Main.storyboard in Resources */,
			);
			runOnlyForDeploymentPostprocessing = 0;
		};
/* End PBXResourcesBuildPhase section */

/* Begin PBXShellScriptBuildPhase section */
		1D8ADFCC901456D5954F4355 /* [CP] Check Pods Manifest.lock */ = {
			isa = PBXShellScriptBuildPhase;
			buildActionMask = 2147483647;
			files = (
			);
			inputFileListPaths = (
			);
			inputPaths = (
				"${PODS_PODFILE_DIR_PATH}/Podfile.lock",
				"${PODS_ROOT}/Manifest.lock",
			);
			name = "[CP] Check Pods Manifest.lock";
			outputFileListPaths = (
			);
			outputPaths = (
				"$(DERIVED_FILE_DIR)/Pods-PodcastProject-checkManifestLockResult.txt",
			);
			runOnlyForDeploymentPostprocessing = 0;
			shellPath = /bin/sh;
			shellScript = "diff \"${PODS_PODFILE_DIR_PATH}/Podfile.lock\" \"${PODS_ROOT}/Manifest.lock\" > /dev/null\nif [ $? != 0 ] ; then\n    # print error to STDERR\n    echo \"error: The sandbox is not in sync with the Podfile.lock. Run 'pod install' or update your CocoaPods installation.\" >&2\n    exit 1\nfi\n# This output is used by Xcode 'outputs' to avoid re-running this script phase.\necho \"SUCCESS\" > \"${SCRIPT_OUTPUT_FILE_0}\"\n";
			showEnvVarsInLog = 0;
		};
		943083CF02F399C92A677796 /* [CP] Embed Pods Frameworks */ = {
			isa = PBXShellScriptBuildPhase;
			buildActionMask = 2147483647;
			files = (
			);
			inputFileListPaths = (
				"${PODS_ROOT}/Target Support Files/Pods-PodcastProject/Pods-PodcastProject-frameworks-${CONFIGURATION}-input-files.xcfilelist",
			);
			name = "[CP] Embed Pods Frameworks";
			outputFileListPaths = (
				"${PODS_ROOT}/Target Support Files/Pods-PodcastProject/Pods-PodcastProject-frameworks-${CONFIGURATION}-output-files.xcfilelist",
			);
			runOnlyForDeploymentPostprocessing = 0;
			shellPath = /bin/sh;
			shellScript = "\"${PODS_ROOT}/Target Support Files/Pods-PodcastProject/Pods-PodcastProject-frameworks.sh\"\n";
			showEnvVarsInLog = 0;
		};
/* End PBXShellScriptBuildPhase section */

/* Begin PBXSourcesBuildPhase section */
		730A4248227EB5C000F7DC75 /* Sources */ = {
			isa = PBXSourcesBuildPhase;
			buildActionMask = 2147483647;
			files = (
				730A427D2286A7EB00F7DC75 /* RSSFeed.swift in Sources */,
				730A4252227EB5C000F7DC75 /* ViewController.swift in Sources */,
				730A427B2286A3EA00F7DC75 /* String.swift in Sources */,
				73FCFF55228FD062005C8BE1 /* UIApplication.swift in Sources */,
				730A42812286B65700F7DC75 /* PayerDetailsView.swift in Sources */,
				730A428322892EAB00F7DC75 /* CMTime.swift in Sources */,
				730A4250227EB5C000F7DC75 /* AppDelegate.swift in Sources */,
				730A4265227FE3C200F7DC75 /* SearchTableViewController.swift in Sources */,
				730A4262227EB5F300F7DC75 /* MainTabBarController.swift in Sources */,
				730A426B2281452600F7DC75 /* APIService.swift in Sources */,
				730A4277228553CF00F7DC75 /* EpisodeCell.swift in Sources */,
				730A42722283FC4900F7DC75 /* EpisodesTableViewController.swift in Sources */,
				730A4268227FE51400F7DC75 /* Podcast.swift in Sources */,
				730A4274228552AE00F7DC75 /* Episode.swift in Sources */,
				730A427022815A6300F7DC75 /* PodcastCell.swift in Sources */,
			);
			runOnlyForDeploymentPostprocessing = 0;
		};
/* End PBXSourcesBuildPhase section */

/* Begin PBXVariantGroup section */
		730A4253227EB5C000F7DC75 /* Main.storyboard */ = {
			isa = PBXVariantGroup;
			children = (
				730A4254227EB5C000F7DC75 /* Base */,
			);
			name = Main.storyboard;
			sourceTree = "<group>";
		};
		730A4258227EB5C100F7DC75 /* LaunchScreen.storyboard */ = {
			isa = PBXVariantGroup;
			children = (
				730A4259227EB5C100F7DC75 /* Base */,
			);
			name = LaunchScreen.storyboard;
			sourceTree = "<group>";
		};
/* End PBXVariantGroup section */

/* Begin XCBuildConfiguration section */
		730A425C227EB5C100F7DC75 /* Debug */ = {
			isa = XCBuildConfiguration;
			buildSettings = {
				ALWAYS_SEARCH_USER_PATHS = NO;
				CLANG_ANALYZER_NONNULL = YES;
				CLANG_ANALYZER_NUMBER_OBJECT_CONVERSION = YES_AGGRESSIVE;
				CLANG_CXX_LANGUAGE_STANDARD = "gnu++14";
				CLANG_CXX_LIBRARY = "libc++";
				CLANG_ENABLE_MODULES = YES;
				CLANG_ENABLE_OBJC_ARC = YES;
				CLANG_ENABLE_OBJC_WEAK = YES;
				CLANG_WARN_BLOCK_CAPTURE_AUTORELEASING = YES;
				CLANG_WARN_BOOL_CONVERSION = YES;
				CLANG_WARN_COMMA = YES;
				CLANG_WARN_CONSTANT_CONVERSION = YES;
				CLANG_WARN_DEPRECATED_OBJC_IMPLEMENTATIONS = YES;
				CLANG_WARN_DIRECT_OBJC_ISA_USAGE = YES_ERROR;
				CLANG_WARN_DOCUMENTATION_COMMENTS = YES;
				CLANG_WARN_EMPTY_BODY = YES;
				CLANG_WARN_ENUM_CONVERSION = YES;
				CLANG_WARN_INFINITE_RECURSION = YES;
				CLANG_WARN_INT_CONVERSION = YES;
				CLANG_WARN_NON_LITERAL_NULL_CONVERSION = YES;
				CLANG_WARN_OBJC_IMPLICIT_RETAIN_SELF = YES;
				CLANG_WARN_OBJC_LITERAL_CONVERSION = YES;
				CLANG_WARN_OBJC_ROOT_CLASS = YES_ERROR;
				CLANG_WARN_RANGE_LOOP_ANALYSIS = YES;
				CLANG_WARN_STRICT_PROTOTYPES = YES;
				CLANG_WARN_SUSPICIOUS_MOVE = YES;
				CLANG_WARN_UNGUARDED_AVAILABILITY = YES_AGGRESSIVE;
				CLANG_WARN_UNREACHABLE_CODE = YES;
				CLANG_WARN__DUPLICATE_METHOD_MATCH = YES;
				CODE_SIGN_IDENTITY = "iPhone Developer";
				COPY_PHASE_STRIP = NO;
				DEBUG_INFORMATION_FORMAT = dwarf;
				ENABLE_STRICT_OBJC_MSGSEND = YES;
				ENABLE_TESTABILITY = YES;
				GCC_C_LANGUAGE_STANDARD = gnu11;
				GCC_DYNAMIC_NO_PIC = NO;
				GCC_NO_COMMON_BLOCKS = YES;
				GCC_OPTIMIZATION_LEVEL = 0;
				GCC_PREPROCESSOR_DEFINITIONS = (
					"DEBUG=1",
					"$(inherited)",
				);
				GCC_WARN_64_TO_32_BIT_CONVERSION = YES;
				GCC_WARN_ABOUT_RETURN_TYPE = YES_ERROR;
				GCC_WARN_UNDECLARED_SELECTOR = YES;
				GCC_WARN_UNINITIALIZED_AUTOS = YES_AGGRESSIVE;
				GCC_WARN_UNUSED_FUNCTION = YES;
				GCC_WARN_UNUSED_VARIABLE = YES;
				IPHONEOS_DEPLOYMENT_TARGET = 12.2;
				MTL_ENABLE_DEBUG_INFO = INCLUDE_SOURCE;
				MTL_FAST_MATH = YES;
				ONLY_ACTIVE_ARCH = YES;
				SDKROOT = iphoneos;
				SWIFT_ACTIVE_COMPILATION_CONDITIONS = DEBUG;
				SWIFT_OPTIMIZATION_LEVEL = "-Onone";
			};
			name = Debug;
		};
		730A425D227EB5C100F7DC75 /* Release */ = {
			isa = XCBuildConfiguration;
			buildSettings = {
				ALWAYS_SEARCH_USER_PATHS = NO;
				CLANG_ANALYZER_NONNULL = YES;
				CLANG_ANALYZER_NUMBER_OBJECT_CONVERSION = YES_AGGRESSIVE;
				CLANG_CXX_LANGUAGE_STANDARD = "gnu++14";
				CLANG_CXX_LIBRARY = "libc++";
				CLANG_ENABLE_MODULES = YES;
				CLANG_ENABLE_OBJC_ARC = YES;
				CLANG_ENABLE_OBJC_WEAK = YES;
				CLANG_WARN_BLOCK_CAPTURE_AUTORELEASING = YES;
				CLANG_WARN_BOOL_CONVERSION = YES;
				CLANG_WARN_COMMA = YES;
				CLANG_WARN_CONSTANT_CONVERSION = YES;
				CLANG_WARN_DEPRECATED_OBJC_IMPLEMENTATIONS = YES;
				CLANG_WARN_DIRECT_OBJC_ISA_USAGE = YES_ERROR;
				CLANG_WARN_DOCUMENTATION_COMMENTS = YES;
				CLANG_WARN_EMPTY_BODY = YES;
				CLANG_WARN_ENUM_CONVERSION = YES;
				CLANG_WARN_INFINITE_RECURSION = YES;
				CLANG_WARN_INT_CONVERSION = YES;
				CLANG_WARN_NON_LITERAL_NULL_CONVERSION = YES;
				CLANG_WARN_OBJC_IMPLICIT_RETAIN_SELF = YES;
				CLANG_WARN_OBJC_LITERAL_CONVERSION = YES;
				CLANG_WARN_OBJC_ROOT_CLASS = YES_ERROR;
				CLANG_WARN_RANGE_LOOP_ANALYSIS = YES;
				CLANG_WARN_STRICT_PROTOTYPES = YES;
				CLANG_WARN_SUSPICIOUS_MOVE = YES;
				CLANG_WARN_UNGUARDED_AVAILABILITY = YES_AGGRESSIVE;
				CLANG_WARN_UNREACHABLE_CODE = YES;
				CLANG_WARN__DUPLICATE_METHOD_MATCH = YES;
				CODE_SIGN_IDENTITY = "iPhone Developer";
				COPY_PHASE_STRIP = NO;
				DEBUG_INFORMATION_FORMAT = "dwarf-with-dsym";
				ENABLE_NS_ASSERTIONS = NO;
				ENABLE_STRICT_OBJC_MSGSEND = YES;
				GCC_C_LANGUAGE_STANDARD = gnu11;
				GCC_NO_COMMON_BLOCKS = YES;
				GCC_WARN_64_TO_32_BIT_CONVERSION = YES;
				GCC_WARN_ABOUT_RETURN_TYPE = YES_ERROR;
				GCC_WARN_UNDECLARED_SELECTOR = YES;
				GCC_WARN_UNINITIALIZED_AUTOS = YES_AGGRESSIVE;
				GCC_WARN_UNUSED_FUNCTION = YES;
				GCC_WARN_UNUSED_VARIABLE = YES;
				IPHONEOS_DEPLOYMENT_TARGET = 12.2;
				MTL_ENABLE_DEBUG_INFO = NO;
				MTL_FAST_MATH = YES;
				SDKROOT = iphoneos;
				SWIFT_COMPILATION_MODE = wholemodule;
				SWIFT_OPTIMIZATION_LEVEL = "-O";
				VALIDATE_PRODUCT = YES;
			};
			name = Release;
		};
		730A425F227EB5C100F7DC75 /* Debug */ = {
			isa = XCBuildConfiguration;
			baseConfigurationReference = C1BE675F0CF52C1C4F4AA0F2 /* Pods-PodcastProject.debug.xcconfig */;
			buildSettings = {
				ASSETCATALOG_COMPILER_APPICON_NAME = AppIcon;
				CODE_SIGN_STYLE = Automatic;
				INFOPLIST_FILE = PodcastProject/Info.plist;
				LD_RUNPATH_SEARCH_PATHS = (
					"$(inherited)",
					"@executable_path/Frameworks",
				);
				PRODUCT_BUNDLE_IDENTIFIER = com.MidoiOS.PodcastProject;
				PRODUCT_NAME = "$(TARGET_NAME)";
				SWIFT_VERSION = 5.0;
				TARGETED_DEVICE_FAMILY = "1,2";
			};
			name = Debug;
		};
		730A4260227EB5C100F7DC75 /* Release */ = {
			isa = XCBuildConfiguration;
			baseConfigurationReference = 9BA221DC8BB50C2E3F8EF0B6 /* Pods-PodcastProject.release.xcconfig */;
			buildSettings = {
				ASSETCATALOG_COMPILER_APPICON_NAME = AppIcon;
				CODE_SIGN_STYLE = Automatic;
				INFOPLIST_FILE = PodcastProject/Info.plist;
				LD_RUNPATH_SEARCH_PATHS = (
					"$(inherited)",
					"@executable_path/Frameworks",
				);
				PRODUCT_BUNDLE_IDENTIFIER = com.MidoiOS.PodcastProject;
				PRODUCT_NAME = "$(TARGET_NAME)";
				SWIFT_VERSION = 5.0;
				TARGETED_DEVICE_FAMILY = "1,2";
			};
			name = Release;
		};
/* End XCBuildConfiguration section */

/* Begin XCConfigurationList section */
		730A4247227EB5C000F7DC75 /* Build configuration list for PBXProject "PodcastProject" */ = {
			isa = XCConfigurationList;
			buildConfigurations = (
				730A425C227EB5C100F7DC75 /* Debug */,
				730A425D227EB5C100F7DC75 /* Release */,
			);
			defaultConfigurationIsVisible = 0;
			defaultConfigurationName = Release;
		};
		730A425E227EB5C100F7DC75 /* Build configuration list for PBXNativeTarget "PodcastProject" */ = {
			isa = XCConfigurationList;
			buildConfigurations = (
				730A425F227EB5C100F7DC75 /* Debug */,
				730A4260227EB5C100F7DC75 /* Release */,
			);
			defaultConfigurationIsVisible = 0;
			defaultConfigurationName = Release;
		};
/* End XCConfigurationList section */
	};
	rootObject = 730A4244227EB5C000F7DC75 /* Project object */;
}
